
Microsoft Visual Studio Solution File, Format Version 12.00
# Visual Studio Version 17
VisualStudioVersion = 17.8.34511.84
MinimumVisualStudioVersion = 10.0.40219.1
Project("{FAE04EC0-301F-11D3-BF4B-00C04F79EFBC}") = "businessdll", "businessdll.csproj", "{97B5AA04-42D6-4D7A-AA18-2BBB71134ADD}"
EndProject
Global
	GlobalSection(SolutionConfigurationPlatforms) = preSolution
		Debug|Any CPU = Debug|Any CPU
		Release|Any CPU = Release|Any CPU
	EndGlobalSection
	GlobalSection(ProjectConfigurationPlatforms) = postSolution
		{97B5AA04-42D6-4D7A-AA18-2BBB71134ADD}.Debug|Any CPU.ActiveCfg = Debug|Any CPU
		{97B5AA04-42D6-4D7A-AA18-2BBB71134ADD}.Debug|Any CPU.Build.0 = Debug|Any CPU
		{97B5AA04-42D6-4D7A-AA18-2BBB71134ADD}.Release|Any CPU.ActiveCfg = Release|Any CPU
		{97B5AA04-42D6-4D7A-AA18-2BBB71134ADD}.Release|Any CPU.Build.0 = Release|Any CPU
	EndGlobalSection
	GlobalSection(SolutionProperties) = preSolution
		HideSolutionNode = FALSE
	EndGlobalSection
	GlobalSection(ExtensibilityGlobals) = postSolution
		SolutionGuid = {FC12F71D-C4D0-4362-8476-E29ED3F7512A}
	EndGlobalSection
EndGlobal
